
Microsoft Visual Studio Solution File, Format Version 12.00
# Visual Studio 15
VisualStudioVersion = 15.0.27004.2006
MinimumVisualStudioVersion = 10.0.40219.1
Project("{FAE04EC0-301F-11D3-BF4B-00C04F79EFBC}") = "ImageDownload", "ImageDownload\ImageDownload.csproj", "{D382A057-00BE-46B0-8666-2177F1C5BAAB}"
EndProject
Global
	GlobalSection(SolutionConfigurationPlatforms) = preSolution
		Debug|Any CPU = Debug|Any CPU
		Release|Any CPU = Release|Any CPU
	EndGlobalSection
	GlobalSection(ProjectConfigurationPlatforms) = postSolution
		{D382A057-00BE-46B0-8666-2177F1C5BAAB}.Debug|Any CPU.ActiveCfg = Debug|Any CPU
		{D382A057-00BE-46B0-8666-2177F1C5BAAB}.Debug|Any CPU.Build.0 = Debug|Any CPU
		{D382A057-00BE-46B0-8666-2177F1C5BAAB}.Release|Any CPU.ActiveCfg = Release|Any CPU
		{D382A057-00BE-46B0-8666-2177F1C5BAAB}.Release|Any CPU.Build.0 = Release|Any CPU
	EndGlobalSection
	GlobalSection(SolutionProperties) = preSolution
		HideSolutionNode = FALSE
	EndGlobalSection
	GlobalSection(ExtensibilityGlobals) = postSolution
		SolutionGuid = {4434F785-D489-4DE9-A9E4-A5C11D806AD5}
	EndGlobalSection
EndGlobal
